
Microsoft Visual Studio Solution File, Format Version 12.00
# Visual Studio Version 16
VisualStudioVersion = 16.0.30225.117
MinimumVisualStudioVersion = 10.0.40219.1
Project("{FAE04EC0-301F-11D3-BF4B-00C04F79EFBC}") = "LibraryManagement", "LibraryManagement.csproj", "{2113EBF6-4B58-4EE8-95BD-C978FB77F764}"
EndProject
Global
	GlobalSection(SolutionConfigurationPlatforms) = preSolution
		Debug|Any CPU = Debug|Any CPU
		Release|Any CPU = Release|Any CPU
	EndGlobalSection
	GlobalSection(ProjectConfigurationPlatforms) = postSolution
		{2113EBF6-4B58-4EE8-95BD-C978FB77F764}.Debug|Any CPU.ActiveCfg = Debug|Any CPU
		{2113EBF6-4B58-4EE8-95BD-C978FB77F764}.Debug|Any CPU.Build.0 = Debug|Any CPU
		{2113EBF6-4B58-4EE8-95BD-C978FB77F764}.Release|Any CPU.ActiveCfg = Release|Any CPU
		{2113EBF6-4B58-4EE8-95BD-C978FB77F764}.Release|Any CPU.Build.0 = Release|Any CPU
	EndGlobalSection
	GlobalSection(SolutionProperties) = preSolution
		HideSolutionNode = FALSE
	EndGlobalSection
	GlobalSection(ExtensibilityGlobals) = postSolution
		SolutionGuid = {E13D70E4-5853-46E5-B510-6AD8DF84BB49}
	EndGlobalSection
EndGlobal
